
Microsoft Visual Studio Solution File, Format Version 12.00
# Visual Studio 15
VisualStudioVersion = 15.0.28010.2026
MinimumVisualStudioVersion = 10.0.40219.1
Project("{8BC9CEB8-8B4A-11D0-8D11-00A0C91BC942}") = "console", "console\console.vcxproj", "{2EEBA564-E787-4681-9AC0-55B11491E84E}"
EndProject
Project("{8BC9CEB8-8B4A-11D0-8D11-00A0C91BC942}") = "gui", "gui\gui.vcxproj", "{7A63BEB8-89E1-416F-A627-4AC27CD00CB6}"
EndProject
Global
	GlobalSection(SolutionConfigurationPlatforms) = preSolution
		Debug|x64 = Debug|x64
		Debug|x86 = Debug|x86
		Release|x64 = Release|x64
		Release|x86 = Release|x86
	EndGlobalSection
	GlobalSection(ProjectConfigurationPlatforms) = postSolution
		{2EEBA564-E787-4681-9AC0-55B11491E84E}.Debug|x64.ActiveCfg = Debug|x64
		{2EEBA564-E787-4681-9AC0-55B11491E84E}.Debug|x64.Build.0 = Debug|x64
		{2EEBA564-E787-4681-9AC0-55B11491E84E}.Debug|x86.ActiveCfg = Debug|Win32
		{2EEBA564-E787-4681-9AC0-55B11491E84E}.Debug|x86.Build.0 = Debug|Win32
		{2EEBA564-E787-4681-9AC0-55B11491E84E}.Release|x64.ActiveCfg = Release|x64
		{2EEBA564-E787-4681-9AC0-55B11491E84E}.Release|x64.Build.0 = Release|x64
		{2EEBA564-E787-4681-9AC0-55B11491E84E}.Release|x86.ActiveCfg = Release|Win32
		{2EEBA564-E787-4681-9AC0-55B11491E84E}.Release|x86.Build.0 = Release|Win32
		{7A63BEB8-89E1-416F-A627-4AC27CD00CB6}.Debug|x64.ActiveCfg = Debug|x64
		{7A63BEB8-89E1-416F-A627-4AC27CD00CB6}.Debug|x64.Build.0 = Debug|x64
		{7A63BEB8-89E1-416F-A627-4AC27CD00CB6}.Debug|x86.ActiveCfg = Debug|Win32
		{7A63BEB8-89E1-416F-A627-4AC27CD00CB6}.Debug|x86.Build.0 = Debug|Win32
		{7A63BEB8-89E1-416F-A627-4AC27CD00CB6}.Release|x64.ActiveCfg = Release|x64
		{7A63BEB8-89E1-416F-A627-4AC27CD00CB6}.Release|x64.Build.0 = Release|x64
		{7A63BEB8-89E1-416F-A627-4AC27CD00CB6}.Release|x86.ActiveCfg = Release|Win32
		{7A63BEB8-89E1-416F-A627-4AC27CD00CB6}.Release|x86.Build.0 = Release|Win32
	EndGlobalSection
	GlobalSection(SolutionProperties) = preSolution
		HideSolutionNode = FALSE
	EndGlobalSection
	GlobalSection(ExtensibilityGlobals) = postSolution
		SolutionGuid = {D45BBA3E-16EE-4022-9F2D-67051E60137E}
	EndGlobalSection
EndGlobal
